{
  "name": "cml-yanxuan",
  "version": "0.0.1",
  "lockfileVersion": 1,
  "requires": true,
  "dependencies": {
    "camelcase": {
      "version": "1.2.1",
      "resolved": "https://registry.npmjs.org/camelcase/-/camelcase-1.2.1.tgz",
      "integrity": "sha1-m7UwTS4LVmmLLHWLCKPqqdqlijk="
    },
    "chameleon-api": {
      "version": "0.1.1",
      "resolved": "https://registry.npmjs.org/chameleon-api/-/chameleon-api-0.1.1.tgz",
      "integrity": "sha512-lUDZxugSUftAM3oqZP7zD5CJRQFEnIUCH6QsMWAEGRlVAeK/vmMzaM3e+7ZUYWS8EL4TlvrVFBIX6cbX+J0xpg==",
      "requires": {
        "chameleon-bridge": "0.1.0",
        "fetch-detector": "^1.0.1",
        "fetch-ie8": "^1.5.0"
      }
    },
    "chameleon-bridge": {
      "version": "0.1.0",
      "resolved": "https://registry.npmjs.org/chameleon-bridge/-/chameleon-bridge-0.1.0.tgz",
      "integrity": "sha512-1Qc7F4ts0zlfglGn3VnVSPg3SRge37gu5/EQ+Mz8K3vqpRgoXGPN6cRtK+4wrvqox740gml+yWsuV10GY2xB1A=="
    },
    "chameleon-runtime": {
      "version": "0.0.5",
      "resolved": "https://registry.npmjs.org/chameleon-runtime/-/chameleon-runtime-0.0.5.tgz",
      "integrity": "sha512-Un8o+eKu/coHa+OcHRslGWRPWSO5sXm+1RRHJNtuoTKFGbUd28w22YZScwdLXF6fTZPYvrm9xwvMDqNVYnjGVQ==",
      "requires": {
        "mobx": "3.6.1"
      }
    },
    "chameleon-scroll": {
      "version": "0.0.3",
      "resolved": "https://registry.npmjs.org/chameleon-scroll/-/chameleon-scroll-0.0.3.tgz",
      "integrity": "sha512-9ru7moY9uU3ZouE74OmZ4pP0YHRXkin+oLvfCqKaXHRhK2Cg8kdFRaofmaLJyokb0R6S4Q7h1IQAsMcFoWkmEA=="
    },
    "chameleon-store": {
      "version": "0.0.3",
      "resolved": "https://registry.npmjs.org/chameleon-store/-/chameleon-store-0.0.3.tgz",
      "integrity": "sha512-f6lmeDW01xnau71iXK52haomD2etmQg+gBvVFO5T84eqs9AxtXiRkYAjxl/rqu+ejFACAm1nWMfAjXldw0lUTQ==",
      "requires": {
        "mobx": "3.6.1",
        "vuex": "3.0.1"
      }
    },
    "chameleon-ui-builtin": {
      "version": "0.0.7-alpha.1",
      "resolved": "https://registry.npmjs.org/chameleon-ui-builtin/-/chameleon-ui-builtin-0.0.7-alpha.1.tgz",
      "integrity": "sha512-A6sPZwyaRKOWvbWxEHgvOBRcXi/bI9TWb4XBkmmXlD03xNV4r8bEA0yrSfV4OooygFxzKa/jIjztXpD83xGW6Q==",
      "requires": {
        "chameleon-scroll": "0.0.3"
      }
    },
    "classnames": {
      "version": "2.2.6",
      "resolved": "https://registry.npmjs.org/classnames/-/classnames-2.2.6.tgz",
      "integrity": "sha512-JR/iSQOSt+LQIWwrwEzJ9uk0xfN3mTVYMwt1Ir5mUcSN6pU+V4zQFFaJsclJbPuAUQH+yfWef6tm7l1quW3C8Q=="
    },
    "cml-ui": {
      "version": "0.0.7-alpha",
      "resolved": "https://registry.npmjs.org/cml-ui/-/cml-ui-0.0.7-alpha.tgz",
      "integrity": "sha512-/O2GrK40igiwelIkfUCYuZQ1bzMeBilAaHFPdxfeF+BneJBH7ARgHhZISwTs8j537pnGYf8svDWUg8iFIZX7pA==",
      "requires": {
        "classnames": "2.2.6"
      }
    },
    "fetch-detector": {
      "version": "1.0.1",
      "resolved": "https://registry.npmjs.org/fetch-detector/-/fetch-detector-1.0.1.tgz",
      "integrity": "sha1-bLPq9zjCcnhi6GiA1hIUI+qkIIM="
    },
    "fetch-ie8": {
      "version": "1.5.0",
      "resolved": "https://registry.npmjs.org/fetch-ie8/-/fetch-ie8-1.5.0.tgz",
      "integrity": "sha1-8RQcP5bLyJN6oxsPvBp3AiD7wVs="
    },
    "lodash": {
      "version": "4.17.11",
      "resolved": "https://registry.npmjs.org/lodash/-/lodash-4.17.11.tgz",
      "integrity": "sha512-cQKh8igo5QUhZ7lg38DYWAxMvjSAKG0A8wGSVimP07SIUEK2UO+arSRKbRZWtelMtN5V0Hkwh5ryOto/SshYIg=="
    },
    "mobx": {
      "version": "3.6.1",
      "resolved": "https://registry.npmjs.org/mobx/-/mobx-3.6.1.tgz",
      "integrity": "sha1-rmOo8A4UhadA0Pka4val9o4wO+o="
    },
    "resize-detector": {
      "version": "0.1.10",
      "resolved": "https://registry.npmjs.org/resize-detector/-/resize-detector-0.1.10.tgz",
      "integrity": "sha512-iLcXC8A6Fb0DfA+TRiywrK/0A22bFqkhntjMJMEzXDA4XkcEkfwpNbv7W8iewUiD0xYIaeiXOfiEehTqGKsUFw=="
    },
    "uppercamelcase": {
      "version": "1.1.0",
      "resolved": "https://registry.npmjs.org/uppercamelcase/-/uppercamelcase-1.1.0.tgz",
      "integrity": "sha1-Mk2YprOvx+iolT4QZBUJsOTiP5c=",
      "requires": {
        "camelcase": "^1.2.1"
      }
    },
    "vue-amap": {
      "version": "0.5.8",
      "resolved": "https://registry.npmjs.org/vue-amap/-/vue-amap-0.5.8.tgz",
      "integrity": "sha512-VWU6M58jAY4K80QGi+2tYWxvAszd/MQiWkBEYdyu2ptBHAgsNfZz2zxR1mWL32V74Q2bFoZz4yfOycMrQywlUA==",
      "requires": {
        "uppercamelcase": "^1.1.0"
      }
    },
    "vue-echarts": {
      "version": "4.0.1",
      "resolved": "https://registry.npmjs.org/vue-echarts/-/vue-echarts-4.0.1.tgz",
      "integrity": "sha512-JgvIcr/btz4bAkafVm0aLyfkAdhGf2T8VIdESd2264Mlr5w0dZ0IOG3BJCvtznIlBJMiwQXAztc27Y3KGKdF5Q==",
      "requires": {
        "lodash": "^4.17.11",
        "resize-detector": "^0.1.9"
      }
    },
    "vuex": {
      "version": "3.0.1",
      "resolved": "https://registry.npmjs.org/vuex/-/vuex-3.0.1.tgz",
      "integrity": "sha512-wLoqz0B7DSZtgbWL1ShIBBCjv22GV5U+vcBFox658g6V0s4wZV9P4YjCNyoHSyIBpj1f29JBoNQIqD82cR4O3w=="
    }
  }
}
