{
  "name": "cml-yanxuan",
  "version": "0.0.1",
  "lockfileVersion": 1,
  "requires": true,
  "dependencies": {
    "camelcase": {
      "version": "1.2.1",
      "resolved": "http://registry.npm.taobao.org/camelcase/download/camelcase-1.2.1.tgz",
      "integrity": "sha1-m7UwTS4LVmmLLHWLCKPqqdqlijk="
    },
    "chameleon-api": {
      "version": "0.1.1",
      "resolved": "http://registry.npm.taobao.org/chameleon-api/download/chameleon-api-0.1.1.tgz",
      "integrity": "sha1-5FRzHiCGm/mHlFp5R7op1jREMeU=",
      "requires": {
        "chameleon-bridge": "0.1.0",
        "fetch-detector": "1.0.1",
        "fetch-ie8": "1.5.0"
      }
    },
    "chameleon-bridge": {
      "version": "0.1.0",
      "resolved": "http://registry.npm.taobao.org/chameleon-bridge/download/chameleon-bridge-0.1.0.tgz",
      "integrity": "sha1-nAS4mMoJaaQt4fA++tf59wcntC4="
    },
    "chameleon-runtime": {
      "version": "0.0.5",
      "resolved": "http://registry.npm.taobao.org/chameleon-runtime/download/chameleon-runtime-0.0.5.tgz",
      "integrity": "sha1-ql+DrStvvqy0sLIWT06/meohepY=",
      "requires": {
        "mobx": "3.6.1"
      }
    },
    "chameleon-scroll": {
      "version": "0.0.3",
      "resolved": "http://registry.npm.taobao.org/chameleon-scroll/download/chameleon-scroll-0.0.3.tgz",
      "integrity": "sha1-SXkeP9DaZq4lrJQMP5C4A5FXqgM="
    },
    "chameleon-store": {
      "version": "0.0.3",
      "resolved": "http://registry.npm.taobao.org/chameleon-store/download/chameleon-store-0.0.3.tgz",
      "integrity": "sha1-uVuckPbY2/xWnEfTPZ9avY75tis=",
      "requires": {
        "mobx": "3.6.1",
        "vuex": "3.0.1"
      }
    },
    "chameleon-ui-builtin": {
      "version": "0.0.7-alpha.1",
      "resolved": "http://registry.npm.taobao.org/chameleon-ui-builtin/download/chameleon-ui-builtin-0.0.7-alpha.1.tgz",
      "integrity": "sha1-PZQffCVEDfuGxj5JyzR5RcDnE+g=",
      "requires": {
        "chameleon-scroll": "0.0.3"
      }
    },
    "classnames": {
      "version": "2.2.6",
      "resolved": "http://registry.npm.taobao.org/classnames/download/classnames-2.2.6.tgz",
      "integrity": "sha1-Q5Nb/90pHzJtrQogUwmzjQD2UM4="
    },
    "cml-ui": {
      "version": "0.0.7-alpha",
      "resolved": "http://registry.npm.taobao.org/cml-ui/download/cml-ui-0.0.7-alpha.tgz",
      "integrity": "sha1-HiQs7zUDArG9gwsYgml1oADocQ8=",
      "requires": {
        "classnames": "2.2.6"
      }
    },
    "fetch-detector": {
      "version": "1.0.1",
      "resolved": "http://registry.npm.taobao.org/fetch-detector/download/fetch-detector-1.0.1.tgz",
      "integrity": "sha1-bLPq9zjCcnhi6GiA1hIUI+qkIIM="
    },
    "fetch-ie8": {
      "version": "1.5.0",
      "resolved": "http://registry.npm.taobao.org/fetch-ie8/download/fetch-ie8-1.5.0.tgz",
      "integrity": "sha1-8RQcP5bLyJN6oxsPvBp3AiD7wVs="
    },
    "mobx": {
      "version": "3.6.1",
      "resolved": "http://registry.npm.taobao.org/mobx/download/mobx-3.6.1.tgz",
      "integrity": "sha1-rmOo8A4UhadA0Pka4val9o4wO+o="
    },
    "uppercamelcase": {
      "version": "1.1.0",
      "resolved": "http://registry.npm.taobao.org/uppercamelcase/download/uppercamelcase-1.1.0.tgz",
      "integrity": "sha1-Mk2YprOvx+iolT4QZBUJsOTiP5c=",
      "requires": {
        "camelcase": "1.2.1"
      }
    },
    "vue-amap": {
      "version": "0.5.8",
      "resolved": "http://registry.npm.taobao.org/vue-amap/download/vue-amap-0.5.8.tgz",
      "integrity": "sha1-jYZuOcA3sxyF/33cWPy1rvA8O2w=",
      "requires": {
        "uppercamelcase": "1.1.0"
      }
    },
    "vuex": {
      "version": "3.0.1",
      "resolved": "http://registry.npm.taobao.org/vuex/download/vuex-3.0.1.tgz",
      "integrity": "sha1-52E1Lr4K9TfUu3Vam53Evj3379I="
    }
  }
}
